
Microsoft Visual Studio Solution File, Format Version 12.00
# Visual Studio Version 16
VisualStudioVersion = 16.0.30413.136
MinimumVisualStudioVersion = 10.0.40219.1
Project("{FAE04EC0-301F-11D3-BF4B-00C04F79EFBC}") = "RealTimeChatAPI", "RealTimeChatAPI.csproj", "{C8A54DDD-56BA-4499-9119-908D32E11CA2}"
EndProject
Global
	GlobalSection(SolutionConfigurationPlatforms) = preSolution
		Debug|Any CPU = Debug|Any CPU
		Release|Any CPU = Release|Any CPU
	EndGlobalSection
	GlobalSection(ProjectConfigurationPlatforms) = postSolution
		{C8A54DDD-56BA-4499-9119-908D32E11CA2}.Debug|Any CPU.ActiveCfg = Debug|Any CPU
		{C8A54DDD-56BA-4499-9119-908D32E11CA2}.Debug|Any CPU.Build.0 = Debug|Any CPU
		{C8A54DDD-56BA-4499-9119-908D32E11CA2}.Release|Any CPU.ActiveCfg = Release|Any CPU
		{C8A54DDD-56BA-4499-9119-908D32E11CA2}.Release|Any CPU.Build.0 = Release|Any CPU
	EndGlobalSection
	GlobalSection(SolutionProperties) = preSolution
		HideSolutionNode = FALSE
	EndGlobalSection
	GlobalSection(ExtensibilityGlobals) = postSolution
		SolutionGuid = {8B191D03-0975-461F-830C-724EEC683F43}
	EndGlobalSection
EndGlobal
